{
  "name": "benchmark",
  "version": "1.0.0",
  "lockfileVersion": 1,
  "requires": true,
  "dependencies": {
    "@types/k6": {
      "version": "0.29.0",
      "resolved": "https://registry.npmjs.org/@types/k6/-/k6-0.29.0.tgz",
      "integrity": "sha512-h01a+ibhskaY/yGtSsd6HdJyfzI0aAJ3q5zDelXAlaSXTAEvidS4gJN/QYgXsUrvOrbI/8shTHwG+yeLaLU0mg=="
    },
    "k6": {
      "version": "0.0.0",
      "resolved": "https://registry.npmjs.org/k6/-/k6-0.0.0.tgz",
      "integrity": "sha1-jJIyAL4KaMV46PWjK+lrHYBlzDs="
    }
  }
}
